{"filter":false,"title":"Gemfile.lock","tooltip":"/Gemfile.lock","undoManager":{"mark":0,"position":0,"stack":[[{"start":{"row":188,"column":9},"end":{"row":188,"column":20},"action":"insert","lines":[" (~> 1.4.1)"],"id":2,"ignore":true}]]},"ace":{"folds":[],"scrolltop":1940,"scrollleft":0,"selection":{"start":{"row":155,"column":23},"end":{"row":155,"column":23},"isBackwards":false},"options":{"guessTabSize":true,"useWrapMode":false,"wrapToView":true},"firstLineState":0},"timestamp":1557870110372,"hash":"b173b9ea34cff511e2a3984331a1df1ea3bc3591"}